
Microsoft Visual Studio Solution File, Format Version 12.00
# Visual Studio Version 17
VisualStudioVersion = 17.4.33205.214
MinimumVisualStudioVersion = 10.0.40219.1
Project("{FAE04EC0-301F-11D3-BF4B-00C04F79EFBC}") = "MonogameTest2", "MonogameTest2\MonogameTest2.csproj", "{57A80738-78C4-40F0-AB12-DFD02A5D4D6B}"
EndProject
Global
	GlobalSection(SolutionConfigurationPlatforms) = preSolution
		Debug|Any CPU = Debug|Any CPU
		Release|Any CPU = Release|Any CPU
	EndGlobalSection
	GlobalSection(ProjectConfigurationPlatforms) = postSolution
		{57A80738-78C4-40F0-AB12-DFD02A5D4D6B}.Debug|Any CPU.ActiveCfg = Debug|Any CPU
		{57A80738-78C4-40F0-AB12-DFD02A5D4D6B}.Debug|Any CPU.Build.0 = Debug|Any CPU
		{57A80738-78C4-40F0-AB12-DFD02A5D4D6B}.Release|Any CPU.ActiveCfg = Release|Any CPU
		{57A80738-78C4-40F0-AB12-DFD02A5D4D6B}.Release|Any CPU.Build.0 = Release|Any CPU
	EndGlobalSection
	GlobalSection(SolutionProperties) = preSolution
		HideSolutionNode = FALSE
	EndGlobalSection
	GlobalSection(ExtensibilityGlobals) = postSolution
		SolutionGuid = {03AA4491-1FD7-41D3-BFD9-D08799A3B288}
	EndGlobalSection
EndGlobal
