
Microsoft Visual Studio Solution File, Format Version 12.00
# Visual Studio Version 17
VisualStudioVersion = 17.2.32516.85
MinimumVisualStudioVersion = 10.0.40219.1
Project("{FAE04EC0-301F-11D3-BF4B-00C04F79EFBC}") = "Record", "Record\Record.csproj", "{8F6D0025-2D2D-4569-8720-CE311D8D571F}"
EndProject
Global
	GlobalSection(SolutionConfigurationPlatforms) = preSolution
		Debug|Any CPU = Debug|Any CPU
		Release|Any CPU = Release|Any CPU
	EndGlobalSection
	GlobalSection(ProjectConfigurationPlatforms) = postSolution
		{8F6D0025-2D2D-4569-8720-CE311D8D571F}.Debug|Any CPU.ActiveCfg = Debug|Any CPU
		{8F6D0025-2D2D-4569-8720-CE311D8D571F}.Debug|Any CPU.Build.0 = Debug|Any CPU
		{8F6D0025-2D2D-4569-8720-CE311D8D571F}.Release|Any CPU.ActiveCfg = Release|Any CPU
		{8F6D0025-2D2D-4569-8720-CE311D8D571F}.Release|Any CPU.Build.0 = Release|Any CPU
	EndGlobalSection
	GlobalSection(SolutionProperties) = preSolution
		HideSolutionNode = FALSE
	EndGlobalSection
	GlobalSection(ExtensibilityGlobals) = postSolution
		SolutionGuid = {F2F76F73-0744-48EC-8E14-B73C31E084DD}
	EndGlobalSection
EndGlobal
